
Microsoft Visual Studio Solution File, Format Version 12.00
# Visual Studio 14
VisualStudioVersion = 14.0.25420.1
MinimumVisualStudioVersion = 10.0.40219.1
Project("{2150E333-8FDC-42A3-9474-1A3956D46DE8}") = "API", "API", "{B0182949-3A18-49DE-8A10-BD7262D8C3EE}"
EndProject
Project("{2150E333-8FDC-42A3-9474-1A3956D46DE8}") = "Presentation", "Presentation", "{4A7F552E-BF81-4908-9446-491248D69C5A}"
EndProject
Project("{8BB2217D-0F2D-49D1-97BC-3654ED321F3B}") = "LeapSpring.MJC.Web", "LeapSpring.MJC.Web\LeapSpring.MJC.Web.xproj", "{024175B5-8F16-4E64-82CE-A748DBF4380D}"
EndProject
Project("{FAE04EC0-301F-11D3-BF4B-00C04F79EFBC}") = "LeapSpring.MJC.Core", "LeapSpring.MJC.Core\LeapSpring.MJC.Core.csproj", "{278CB773-F522-4B83-A232-CD49361793CA}"
EndProject
Project("{FAE04EC0-301F-11D3-BF4B-00C04F79EFBC}") = "LeapSpring.MJC.Data", "LeapSpring.MJC.Data\LeapSpring.MJC.Data.csproj", "{AE6F1CA5-AE51-496F-9409-5DBCB7E1B534}"
EndProject
Project("{FAE04EC0-301F-11D3-BF4B-00C04F79EFBC}") = "LeapSpring.MJC.BusinessLogic", "LeapSpring.MJC.BusinessLogic\LeapSpring.MJC.BusinessLogic.csproj", "{0C134D10-844A-44EA-A47D-E3D02F7620D9}"
EndProject
Project("{FAE04EC0-301F-11D3-BF4B-00C04F79EFBC}") = "LeapSpring.MJC.Infrastructure", "LeapSpring.MJC.Infrastructure\LeapSpring.MJC.Infrastructure.csproj", "{CAEFC7CD-9A0F-4360-A66F-E5B4B32D2A87}"
EndProject
Project("{FAE04EC0-301F-11D3-BF4B-00C04F79EFBC}") = "LeapSpring.MJC.Api", "LeapSpring.MJC.Api\LeapSpring.MJC.Api.csproj", "{7B0B4C59-C252-4A01-B53C-CD7C15941749}"
EndProject
Global
	GlobalSection(SolutionConfigurationPlatforms) = preSolution
		Debug|Any CPU = Debug|Any CPU
		Prod|Any CPU = Prod|Any CPU
		Release|Any CPU = Release|Any CPU
		Stage|Any CPU = Stage|Any CPU
	EndGlobalSection
	GlobalSection(ProjectConfigurationPlatforms) = postSolution
		{024175B5-8F16-4E64-82CE-A748DBF4380D}.Debug|Any CPU.ActiveCfg = Debug|Any CPU
		{024175B5-8F16-4E64-82CE-A748DBF4380D}.Debug|Any CPU.Build.0 = Debug|Any CPU
		{024175B5-8F16-4E64-82CE-A748DBF4380D}.Prod|Any CPU.ActiveCfg = Prod|Any CPU
		{024175B5-8F16-4E64-82CE-A748DBF4380D}.Prod|Any CPU.Build.0 = Prod|Any CPU
		{024175B5-8F16-4E64-82CE-A748DBF4380D}.Release|Any CPU.ActiveCfg = Release|Any CPU
		{024175B5-8F16-4E64-82CE-A748DBF4380D}.Release|Any CPU.Build.0 = Release|Any CPU
		{024175B5-8F16-4E64-82CE-A748DBF4380D}.Stage|Any CPU.ActiveCfg = Stage|Any CPU
		{024175B5-8F16-4E64-82CE-A748DBF4380D}.Stage|Any CPU.Build.0 = Stage|Any CPU
		{278CB773-F522-4B83-A232-CD49361793CA}.Debug|Any CPU.ActiveCfg = Debug|Any CPU
		{278CB773-F522-4B83-A232-CD49361793CA}.Debug|Any CPU.Build.0 = Debug|Any CPU
		{278CB773-F522-4B83-A232-CD49361793CA}.Prod|Any CPU.ActiveCfg = Prod|Any CPU
		{278CB773-F522-4B83-A232-CD49361793CA}.Prod|Any CPU.Build.0 = Prod|Any CPU
		{278CB773-F522-4B83-A232-CD49361793CA}.Release|Any CPU.ActiveCfg = Release|Any CPU
		{278CB773-F522-4B83-A232-CD49361793CA}.Release|Any CPU.Build.0 = Release|Any CPU
		{278CB773-F522-4B83-A232-CD49361793CA}.Stage|Any CPU.ActiveCfg = Stage|Any CPU
		{278CB773-F522-4B83-A232-CD49361793CA}.Stage|Any CPU.Build.0 = Stage|Any CPU
		{AE6F1CA5-AE51-496F-9409-5DBCB7E1B534}.Debug|Any CPU.ActiveCfg = Debug|Any CPU
		{AE6F1CA5-AE51-496F-9409-5DBCB7E1B534}.Debug|Any CPU.Build.0 = Debug|Any CPU
		{AE6F1CA5-AE51-496F-9409-5DBCB7E1B534}.Prod|Any CPU.ActiveCfg = Prod|Any CPU
		{AE6F1CA5-AE51-496F-9409-5DBCB7E1B534}.Prod|Any CPU.Build.0 = Prod|Any CPU
		{AE6F1CA5-AE51-496F-9409-5DBCB7E1B534}.Release|Any CPU.ActiveCfg = Release|Any CPU
		{AE6F1CA5-AE51-496F-9409-5DBCB7E1B534}.Release|Any CPU.Build.0 = Release|Any CPU
		{AE6F1CA5-AE51-496F-9409-5DBCB7E1B534}.Stage|Any CPU.ActiveCfg = Stage|Any CPU
		{AE6F1CA5-AE51-496F-9409-5DBCB7E1B534}.Stage|Any CPU.Build.0 = Stage|Any CPU
		{0C134D10-844A-44EA-A47D-E3D02F7620D9}.Debug|Any CPU.ActiveCfg = Debug|Any CPU
		{0C134D10-844A-44EA-A47D-E3D02F7620D9}.Debug|Any CPU.Build.0 = Debug|Any CPU
		{0C134D10-844A-44EA-A47D-E3D02F7620D9}.Prod|Any CPU.ActiveCfg = Prod|Any CPU
		{0C134D10-844A-44EA-A47D-E3D02F7620D9}.Prod|Any CPU.Build.0 = Prod|Any CPU
		{0C134D10-844A-44EA-A47D-E3D02F7620D9}.Release|Any CPU.ActiveCfg = Release|Any CPU
		{0C134D10-844A-44EA-A47D-E3D02F7620D9}.Release|Any CPU.Build.0 = Release|Any CPU
		{0C134D10-844A-44EA-A47D-E3D02F7620D9}.Stage|Any CPU.ActiveCfg = Stage|Any CPU
		{0C134D10-844A-44EA-A47D-E3D02F7620D9}.Stage|Any CPU.Build.0 = Stage|Any CPU
		{CAEFC7CD-9A0F-4360-A66F-E5B4B32D2A87}.Debug|Any CPU.ActiveCfg = Debug|Any CPU
		{CAEFC7CD-9A0F-4360-A66F-E5B4B32D2A87}.Debug|Any CPU.Build.0 = Debug|Any CPU
		{CAEFC7CD-9A0F-4360-A66F-E5B4B32D2A87}.Prod|Any CPU.ActiveCfg = Prod|Any CPU
		{CAEFC7CD-9A0F-4360-A66F-E5B4B32D2A87}.Prod|Any CPU.Build.0 = Prod|Any CPU
		{CAEFC7CD-9A0F-4360-A66F-E5B4B32D2A87}.Release|Any CPU.ActiveCfg = Release|Any CPU
		{CAEFC7CD-9A0F-4360-A66F-E5B4B32D2A87}.Release|Any CPU.Build.0 = Release|Any CPU
		{CAEFC7CD-9A0F-4360-A66F-E5B4B32D2A87}.Stage|Any CPU.ActiveCfg = Stage|Any CPU
		{CAEFC7CD-9A0F-4360-A66F-E5B4B32D2A87}.Stage|Any CPU.Build.0 = Stage|Any CPU
		{7B0B4C59-C252-4A01-B53C-CD7C15941749}.Debug|Any CPU.ActiveCfg = Debug|Any CPU
		{7B0B4C59-C252-4A01-B53C-CD7C15941749}.Debug|Any CPU.Build.0 = Debug|Any CPU
		{7B0B4C59-C252-4A01-B53C-CD7C15941749}.Prod|Any CPU.ActiveCfg = Prod|Any CPU
		{7B0B4C59-C252-4A01-B53C-CD7C15941749}.Prod|Any CPU.Build.0 = Prod|Any CPU
		{7B0B4C59-C252-4A01-B53C-CD7C15941749}.Release|Any CPU.ActiveCfg = Release|Any CPU
		{7B0B4C59-C252-4A01-B53C-CD7C15941749}.Release|Any CPU.Build.0 = Release|Any CPU
		{7B0B4C59-C252-4A01-B53C-CD7C15941749}.Stage|Any CPU.ActiveCfg = Stage|Any CPU
		{7B0B4C59-C252-4A01-B53C-CD7C15941749}.Stage|Any CPU.Build.0 = Stage|Any CPU
	EndGlobalSection
	GlobalSection(SolutionProperties) = preSolution
		HideSolutionNode = FALSE
	EndGlobalSection
	GlobalSection(NestedProjects) = preSolution
		{024175B5-8F16-4E64-82CE-A748DBF4380D} = {4A7F552E-BF81-4908-9446-491248D69C5A}
		{278CB773-F522-4B83-A232-CD49361793CA} = {B0182949-3A18-49DE-8A10-BD7262D8C3EE}
		{AE6F1CA5-AE51-496F-9409-5DBCB7E1B534} = {B0182949-3A18-49DE-8A10-BD7262D8C3EE}
		{0C134D10-844A-44EA-A47D-E3D02F7620D9} = {B0182949-3A18-49DE-8A10-BD7262D8C3EE}
		{CAEFC7CD-9A0F-4360-A66F-E5B4B32D2A87} = {B0182949-3A18-49DE-8A10-BD7262D8C3EE}
		{7B0B4C59-C252-4A01-B53C-CD7C15941749} = {B0182949-3A18-49DE-8A10-BD7262D8C3EE}
	EndGlobalSection
EndGlobal
